
Microsoft Visual Studio Solution File, Format Version 12.00
# Visual Studio Version 17
VisualStudioVersion = 17.8.34525.116
MinimumVisualStudioVersion = 10.0.40219.1
Project("{FAE04EC0-301F-11D3-BF4B-00C04F79EFBC}") = "ObserverPattern", "ObserverPattern\ObserverPattern.csproj", "{03B0B234-551C-485B-8AEF-402F5E6EF1F6}"
EndProject
Global
	GlobalSection(SolutionConfigurationPlatforms) = preSolution
		Debug|Any CPU = Debug|Any CPU
		Release|Any CPU = Release|Any CPU
	EndGlobalSection
	GlobalSection(ProjectConfigurationPlatforms) = postSolution
		{03B0B234-551C-485B-8AEF-402F5E6EF1F6}.Debug|Any CPU.ActiveCfg = Debug|Any CPU
		{03B0B234-551C-485B-8AEF-402F5E6EF1F6}.Debug|Any CPU.Build.0 = Debug|Any CPU
		{03B0B234-551C-485B-8AEF-402F5E6EF1F6}.Release|Any CPU.ActiveCfg = Release|Any CPU
		{03B0B234-551C-485B-8AEF-402F5E6EF1F6}.Release|Any CPU.Build.0 = Release|Any CPU
	EndGlobalSection
	GlobalSection(SolutionProperties) = preSolution
		HideSolutionNode = FALSE
	EndGlobalSection
	GlobalSection(ExtensibilityGlobals) = postSolution
		SolutionGuid = {274C5F1A-FB93-41B6-9F99-CD9F1AA91ED6}
	EndGlobalSection
EndGlobal
