
Microsoft Visual Studio Solution File, Format Version 12.00
# Visual Studio Version 17
VisualStudioVersion = 17.8.34525.116
MinimumVisualStudioVersion = 10.0.40219.1
Project("{FAE04EC0-301F-11D3-BF4B-00C04F79EFBC}") = "StrategyPattern", "StrategyPAttern\StrategyPattern.csproj", "{D5C7F3C0-A2C3-48FF-9F51-4DADBB5A230E}"
EndProject
Global
	GlobalSection(SolutionConfigurationPlatforms) = preSolution
		Debug|Any CPU = Debug|Any CPU
		Release|Any CPU = Release|Any CPU
	EndGlobalSection
	GlobalSection(ProjectConfigurationPlatforms) = postSolution
		{D5C7F3C0-A2C3-48FF-9F51-4DADBB5A230E}.Debug|Any CPU.ActiveCfg = Debug|Any CPU
		{D5C7F3C0-A2C3-48FF-9F51-4DADBB5A230E}.Debug|Any CPU.Build.0 = Debug|Any CPU
		{D5C7F3C0-A2C3-48FF-9F51-4DADBB5A230E}.Release|Any CPU.ActiveCfg = Release|Any CPU
		{D5C7F3C0-A2C3-48FF-9F51-4DADBB5A230E}.Release|Any CPU.Build.0 = Release|Any CPU
	EndGlobalSection
	GlobalSection(SolutionProperties) = preSolution
		HideSolutionNode = FALSE
	EndGlobalSection
	GlobalSection(ExtensibilityGlobals) = postSolution
		SolutionGuid = {C2F4E683-4E01-4E58-B6E5-C5BA36BE6BCC}
	EndGlobalSection
EndGlobal
