
Microsoft Visual Studio Solution File, Format Version 12.00
# Visual Studio Version 17
VisualStudioVersion = 17.8.34525.116
MinimumVisualStudioVersion = 10.0.40219.1
Project("{FAE04EC0-301F-11D3-BF4B-00C04F79EFBC}") = "CommandPattern", "CommandPattern\CommandPattern.csproj", "{66A3B78A-24D5-4390-A463-D621A075091C}"
EndProject
Global
	GlobalSection(SolutionConfigurationPlatforms) = preSolution
		Debug|Any CPU = Debug|Any CPU
		Release|Any CPU = Release|Any CPU
	EndGlobalSection
	GlobalSection(ProjectConfigurationPlatforms) = postSolution
		{66A3B78A-24D5-4390-A463-D621A075091C}.Debug|Any CPU.ActiveCfg = Debug|Any CPU
		{66A3B78A-24D5-4390-A463-D621A075091C}.Debug|Any CPU.Build.0 = Debug|Any CPU
		{66A3B78A-24D5-4390-A463-D621A075091C}.Release|Any CPU.ActiveCfg = Release|Any CPU
		{66A3B78A-24D5-4390-A463-D621A075091C}.Release|Any CPU.Build.0 = Release|Any CPU
	EndGlobalSection
	GlobalSection(SolutionProperties) = preSolution
		HideSolutionNode = FALSE
	EndGlobalSection
	GlobalSection(ExtensibilityGlobals) = postSolution
		SolutionGuid = {4DC1B58C-C61F-4E87-A44B-0682B98A9C8F}
	EndGlobalSection
EndGlobal
